{
  "version": 4,
  "terraform_version": "0.12.21",
  "serial": 47,
  "lineage": "fe8523e4-d9bb-f0f1-d420-aba08d55ba32",
  "outputs": {},
  "resources": [
    {
      "mode": "managed",
      "type": "google_iap_web_iam_binding",
      "name": "binding",
      "provider": "provider.google",
      "instances": [
        {
          "schema_version": 0,
          "attributes": {
            "condition": [],
            "etag": "BwWrgVifuk0=",
            "id": "projects/service-exploration-280814/iap_web/roles/iap.httpsResourceAccessor",
            "members": [
              "user:pankajakhade91@gmail.com",
              "user:pankajakhade@gmail.com"
            ],
            "project": "service-exploration-280814",
            "role": "roles/iap.httpsResourceAccessor"
          },
          "private": "bnVsbA=="
        }
      ]
    }
  ]
}
